github.com/firefly-zero/firefly-go v0.7.1 h1:7CyQt0qoI74vOvIGhROn8cggyacj1Kxz1O8wEz6r4Nc=
github.com/firefly-zero/firefly-go v0.7.1/go.mod h1:Uzie8FNoYCjp1mDxnzWnLQv7+ABS/LC7T7kPoJZtIF8=
github.com/norendren/go-fov v1.0.1 h1:EHdFEYmYe2eVVaNqUucSCcfYP8LQlkGyRO6np2eKMgQ=
github.com/norendren/go-fov v1.0.1/go.mod h1:1siuqzljLKCAqCBlPhOWCSPmR+vx7y6i2tvqSfYX1v4=
github.com/orsinium-labs/tinymath v1.0.0 h1:Uzp3GmjWIBxMObx4MQi9ACDu4Q8WKjSRakB1OMo9Bu0=
github.com/orsinium-labs/tinymath v1.0.0/go.mod h1:WPXX6ei3KSXG7JfA03a+ekCYaY9SWN4I+JRl2p6ck+A=
